
Microsoft Visual Studio Solution File, Format Version 12.00
# Visual Studio Version 17
VisualStudioVersion = 17.0.31903.59
MinimumVisualStudioVersion = 10.0.40219.1
Project("{FAE04EC0-301F-11D3-BF4B-00C04F79EFBC}") = "ModernDotNetFramework.Gateway", "ModernDotNetFramework.Gateway\ModernDotNetFramework.Gateway.csproj", "{797C8197-5357-4286-89E5-19A67E98F54D}"
EndProject
Project("{FAE04EC0-301F-11D3-BF4B-00C04F79EFBC}") = "ModernDotNetFramework.CLI", "ModernDotNetFramework.CLI\ModernDotNetFramework.CLI.csproj", "{CA98CCD8-9EC1-461F-BBB5-098C75A13F8A}"
EndProject
Project("{FAE04EC0-301F-11D3-BF4B-00C04F79EFBC}") = "ModernDotNetFramework.Core", "ModernDotNetFramework.Core\ModernDotNetFramework.Core.csproj", "{5F9BFD21-1C06-4B41-BA97-6FED7DCFA9D6}"
EndProject
Project("{FAE04EC0-301F-11D3-BF4B-00C04F79EFBC}") = "ModernDotNetFramework.Domain", "ModernDotNetFramework.Domain\ModernDotNetFramework.Domain.csproj", "{2A84DF49-0D80-4C3B-B031-0E7D06729BAB}"
EndProject
Project("{FAE04EC0-301F-11D3-BF4B-00C04F79EFBC}") = "ModernDotNetFramework.Infrastructure", "ModernDotNetFramework.Infrastructure\ModernDotNetFramework.Infrastructure.csproj", "{C67BE784-B23E-4F1F-8BB9-6C2F9B8DC6A8}"
EndProject
Project("{FAE04EC0-301F-11D3-BF4B-00C04F79EFBC}") = "ModernDotNetFramework.Modules", "ModernDotNetFramework.Modules\ModernDotNetFramework.Modules.csproj", "{164121A9-D2BC-4CA9-BFAF-B0FEF2F4E110}"
EndProject
Project("{FAE04EC0-301F-11D3-BF4B-00C04F79EFBC}") = "ModernDotNetFramework.Shared", "ModernDotNetFramework.Shared\ModernDotNetFramework.Shared.csproj", "{1BED6CC1-5996-4EE3-9107-55AE9FF72DA8}"
EndProject
Global
	GlobalSection(SolutionConfigurationPlatforms) = preSolution
		Debug|Any CPU = Debug|Any CPU
		Release|Any CPU = Release|Any CPU
	EndGlobalSection
	GlobalSection(SolutionProperties) = preSolution
		HideSolutionNode = FALSE
	EndGlobalSection
	GlobalSection(ProjectConfigurationPlatforms) = postSolution
		{797C8197-5357-4286-89E5-19A67E98F54D}.Debug|Any CPU.ActiveCfg = Debug|Any CPU
		{797C8197-5357-4286-89E5-19A67E98F54D}.Debug|Any CPU.Build.0 = Debug|Any CPU
		{797C8197-5357-4286-89E5-19A67E98F54D}.Release|Any CPU.ActiveCfg = Release|Any CPU
		{797C8197-5357-4286-89E5-19A67E98F54D}.Release|Any CPU.Build.0 = Release|Any CPU
		{CA98CCD8-9EC1-461F-BBB5-098C75A13F8A}.Debug|Any CPU.ActiveCfg = Debug|Any CPU
		{CA98CCD8-9EC1-461F-BBB5-098C75A13F8A}.Debug|Any CPU.Build.0 = Debug|Any CPU
		{CA98CCD8-9EC1-461F-BBB5-098C75A13F8A}.Release|Any CPU.ActiveCfg = Release|Any CPU
		{CA98CCD8-9EC1-461F-BBB5-098C75A13F8A}.Release|Any CPU.Build.0 = Release|Any CPU
		{5F9BFD21-1C06-4B41-BA97-6FED7DCFA9D6}.Debug|Any CPU.ActiveCfg = Debug|Any CPU
		{5F9BFD21-1C06-4B41-BA97-6FED7DCFA9D6}.Debug|Any CPU.Build.0 = Debug|Any CPU
		{5F9BFD21-1C06-4B41-BA97-6FED7DCFA9D6}.Release|Any CPU.ActiveCfg = Release|Any CPU
		{5F9BFD21-1C06-4B41-BA97-6FED7DCFA9D6}.Release|Any CPU.Build.0 = Release|Any CPU
		{2A84DF49-0D80-4C3B-B031-0E7D06729BAB}.Debug|Any CPU.ActiveCfg = Debug|Any CPU
		{2A84DF49-0D80-4C3B-B031-0E7D06729BAB}.Debug|Any CPU.Build.0 = Debug|Any CPU
		{2A84DF49-0D80-4C3B-B031-0E7D06729BAB}.Release|Any CPU.ActiveCfg = Release|Any CPU
		{2A84DF49-0D80-4C3B-B031-0E7D06729BAB}.Release|Any CPU.Build.0 = Release|Any CPU
		{C67BE784-B23E-4F1F-8BB9-6C2F9B8DC6A8}.Debug|Any CPU.ActiveCfg = Debug|Any CPU
		{C67BE784-B23E-4F1F-8BB9-6C2F9B8DC6A8}.Debug|Any CPU.Build.0 = Debug|Any CPU
		{C67BE784-B23E-4F1F-8BB9-6C2F9B8DC6A8}.Release|Any CPU.ActiveCfg = Release|Any CPU
		{C67BE784-B23E-4F1F-8BB9-6C2F9B8DC6A8}.Release|Any CPU.Build.0 = Release|Any CPU
		{164121A9-D2BC-4CA9-BFAF-B0FEF2F4E110}.Debug|Any CPU.ActiveCfg = Debug|Any CPU
		{164121A9-D2BC-4CA9-BFAF-B0FEF2F4E110}.Debug|Any CPU.Build.0 = Debug|Any CPU
		{164121A9-D2BC-4CA9-BFAF-B0FEF2F4E110}.Release|Any CPU.ActiveCfg = Release|Any CPU
		{164121A9-D2BC-4CA9-BFAF-B0FEF2F4E110}.Release|Any CPU.Build.0 = Release|Any CPU
		{1BED6CC1-5996-4EE3-9107-55AE9FF72DA8}.Debug|Any CPU.ActiveCfg = Debug|Any CPU
		{1BED6CC1-5996-4EE3-9107-55AE9FF72DA8}.Debug|Any CPU.Build.0 = Debug|Any CPU
		{1BED6CC1-5996-4EE3-9107-55AE9FF72DA8}.Release|Any CPU.ActiveCfg = Release|Any CPU
		{1BED6CC1-5996-4EE3-9107-55AE9FF72DA8}.Release|Any CPU.Build.0 = Release|Any CPU
	EndGlobalSection
EndGlobal
